
Microsoft Visual Studio Solution File, Format Version 12.00
# Visual Studio Version 16
VisualStudioVersion = 16.0.31605.320
MinimumVisualStudioVersion = 10.0.40219.1
Project("{9A19103F-16F7-4668-BE54-9A1E7A4F7556}") = "Assignment3-CrudOperationsUsingDapper", "Assignment3-CrudOperationsUsingDapper\Assignment3-CrudOperationsUsingDapper.csproj", "{D2B177F3-E402-4A93-8097-B8522CAB56B0}"
EndProject
Project("{FAE04EC0-301F-11D3-BF4B-00C04F79EFBC}") = "DalUsingDapper", "DalUsingDapper\DalUsingDapper.csproj", "{9F415B17-10DA-42A4-AFD8-C2C2BCECA30F}"
EndProject
Project("{FAE04EC0-301F-11D3-BF4B-00C04F79EFBC}") = "Bol", "Bol\Bol.csproj", "{F3941E30-6477-428C-B801-2A666FB5D82A}"
EndProject
Global
	GlobalSection(SolutionConfigurationPlatforms) = preSolution
		Debug|Any CPU = Debug|Any CPU
		Release|Any CPU = Release|Any CPU
	EndGlobalSection
	GlobalSection(ProjectConfigurationPlatforms) = postSolution
		{D2B177F3-E402-4A93-8097-B8522CAB56B0}.Debug|Any CPU.ActiveCfg = Debug|Any CPU
		{D2B177F3-E402-4A93-8097-B8522CAB56B0}.Debug|Any CPU.Build.0 = Debug|Any CPU
		{D2B177F3-E402-4A93-8097-B8522CAB56B0}.Release|Any CPU.ActiveCfg = Release|Any CPU
		{D2B177F3-E402-4A93-8097-B8522CAB56B0}.Release|Any CPU.Build.0 = Release|Any CPU
		{9F415B17-10DA-42A4-AFD8-C2C2BCECA30F}.Debug|Any CPU.ActiveCfg = Debug|Any CPU
		{9F415B17-10DA-42A4-AFD8-C2C2BCECA30F}.Debug|Any CPU.Build.0 = Debug|Any CPU
		{9F415B17-10DA-42A4-AFD8-C2C2BCECA30F}.Release|Any CPU.ActiveCfg = Release|Any CPU
		{9F415B17-10DA-42A4-AFD8-C2C2BCECA30F}.Release|Any CPU.Build.0 = Release|Any CPU
		{F3941E30-6477-428C-B801-2A666FB5D82A}.Debug|Any CPU.ActiveCfg = Debug|Any CPU
		{F3941E30-6477-428C-B801-2A666FB5D82A}.Debug|Any CPU.Build.0 = Debug|Any CPU
		{F3941E30-6477-428C-B801-2A666FB5D82A}.Release|Any CPU.ActiveCfg = Release|Any CPU
		{F3941E30-6477-428C-B801-2A666FB5D82A}.Release|Any CPU.Build.0 = Release|Any CPU
	EndGlobalSection
	GlobalSection(SolutionProperties) = preSolution
		HideSolutionNode = FALSE
	EndGlobalSection
	GlobalSection(ExtensibilityGlobals) = postSolution
		SolutionGuid = {279FD93D-94B1-470F-A870-F7D64A3E2455}
	EndGlobalSection
EndGlobal
